
Microsoft Visual Studio Solution File, Format Version 12.00
# Visual Studio 15
VisualStudioVersion = 15.0.27703.2000
MinimumVisualStudioVersion = 10.0.40219.1
Project("{8BC9CEB8-8B4A-11D0-8D11-00A0C91BC942}") = "1", "1\1.vcxproj", "{FB136EC6-3FD2-4214-AEFC-E6D11A343EF2}"
EndProject
Global
	GlobalSection(SolutionConfigurationPlatforms) = preSolution
		Debug|x64 = Debug|x64
		Debug|x86 = Debug|x86
		Release|x64 = Release|x64
		Release|x86 = Release|x86
	EndGlobalSection
	GlobalSection(ProjectConfigurationPlatforms) = postSolution
		{FB136EC6-3FD2-4214-AEFC-E6D11A343EF2}.Debug|x64.ActiveCfg = Debug|x64
		{FB136EC6-3FD2-4214-AEFC-E6D11A343EF2}.Debug|x64.Build.0 = Debug|x64
		{FB136EC6-3FD2-4214-AEFC-E6D11A343EF2}.Debug|x86.ActiveCfg = Debug|Win32
		{FB136EC6-3FD2-4214-AEFC-E6D11A343EF2}.Debug|x86.Build.0 = Debug|Win32
		{FB136EC6-3FD2-4214-AEFC-E6D11A343EF2}.Release|x64.ActiveCfg = Release|x64
		{FB136EC6-3FD2-4214-AEFC-E6D11A343EF2}.Release|x64.Build.0 = Release|x64
		{FB136EC6-3FD2-4214-AEFC-E6D11A343EF2}.Release|x86.ActiveCfg = Release|Win32
		{FB136EC6-3FD2-4214-AEFC-E6D11A343EF2}.Release|x86.Build.0 = Release|Win32
	EndGlobalSection
	GlobalSection(SolutionProperties) = preSolution
		HideSolutionNode = FALSE
	EndGlobalSection
	GlobalSection(ExtensibilityGlobals) = postSolution
		SolutionGuid = {0EC52A5E-D7C9-4DE5-9B26-4CF957A35B31}
	EndGlobalSection
EndGlobal
