
Microsoft Visual Studio Solution File, Format Version 12.00
# Visual Studio 15
VisualStudioVersion = 15.0.27703.2000
MinimumVisualStudioVersion = 10.0.40219.1
Project("{8BC9CEB8-8B4A-11D0-8D11-00A0C91BC942}") = "9", "9\9.vcxproj", "{E6DE0C26-DA26-492E-A7AE-676B4DD23D75}"
EndProject
Global
	GlobalSection(SolutionConfigurationPlatforms) = preSolution
		Debug|x64 = Debug|x64
		Debug|x86 = Debug|x86
		Release|x64 = Release|x64
		Release|x86 = Release|x86
	EndGlobalSection
	GlobalSection(ProjectConfigurationPlatforms) = postSolution
		{E6DE0C26-DA26-492E-A7AE-676B4DD23D75}.Debug|x64.ActiveCfg = Debug|x64
		{E6DE0C26-DA26-492E-A7AE-676B4DD23D75}.Debug|x64.Build.0 = Debug|x64
		{E6DE0C26-DA26-492E-A7AE-676B4DD23D75}.Debug|x86.ActiveCfg = Debug|Win32
		{E6DE0C26-DA26-492E-A7AE-676B4DD23D75}.Debug|x86.Build.0 = Debug|Win32
		{E6DE0C26-DA26-492E-A7AE-676B4DD23D75}.Release|x64.ActiveCfg = Release|x64
		{E6DE0C26-DA26-492E-A7AE-676B4DD23D75}.Release|x64.Build.0 = Release|x64
		{E6DE0C26-DA26-492E-A7AE-676B4DD23D75}.Release|x86.ActiveCfg = Release|Win32
		{E6DE0C26-DA26-492E-A7AE-676B4DD23D75}.Release|x86.Build.0 = Release|Win32
	EndGlobalSection
	GlobalSection(SolutionProperties) = preSolution
		HideSolutionNode = FALSE
	EndGlobalSection
	GlobalSection(ExtensibilityGlobals) = postSolution
		SolutionGuid = {A2599A1B-5479-4BBA-B562-4EE3964650DE}
	EndGlobalSection
EndGlobal
