
Microsoft Visual Studio Solution File, Format Version 12.00
# Visual Studio 15
VisualStudioVersion = 15.0.27703.2000
MinimumVisualStudioVersion = 10.0.40219.1
Project("{8BC9CEB8-8B4A-11D0-8D11-00A0C91BC942}") = "2", "2\2.vcxproj", "{A2D228F5-2BCA-48B3-8267-D567D595D215}"
EndProject
Global
	GlobalSection(SolutionConfigurationPlatforms) = preSolution
		Debug|x64 = Debug|x64
		Debug|x86 = Debug|x86
		Release|x64 = Release|x64
		Release|x86 = Release|x86
	EndGlobalSection
	GlobalSection(ProjectConfigurationPlatforms) = postSolution
		{A2D228F5-2BCA-48B3-8267-D567D595D215}.Debug|x64.ActiveCfg = Debug|x64
		{A2D228F5-2BCA-48B3-8267-D567D595D215}.Debug|x64.Build.0 = Debug|x64
		{A2D228F5-2BCA-48B3-8267-D567D595D215}.Debug|x86.ActiveCfg = Debug|Win32
		{A2D228F5-2BCA-48B3-8267-D567D595D215}.Debug|x86.Build.0 = Debug|Win32
		{A2D228F5-2BCA-48B3-8267-D567D595D215}.Release|x64.ActiveCfg = Release|x64
		{A2D228F5-2BCA-48B3-8267-D567D595D215}.Release|x64.Build.0 = Release|x64
		{A2D228F5-2BCA-48B3-8267-D567D595D215}.Release|x86.ActiveCfg = Release|Win32
		{A2D228F5-2BCA-48B3-8267-D567D595D215}.Release|x86.Build.0 = Release|Win32
	EndGlobalSection
	GlobalSection(SolutionProperties) = preSolution
		HideSolutionNode = FALSE
	EndGlobalSection
	GlobalSection(ExtensibilityGlobals) = postSolution
		SolutionGuid = {DA1DCDBC-EB1E-40A3-95B5-782628D4DD40}
	EndGlobalSection
EndGlobal
